%{
  "brod": {:hex, :brod, "3.2.0", "64f0778a7a32ec0a39cec9a564f4686bdfe72b147b48076e114a156fd0a30222", [:make, :rebar, :rebar3], [{:kafka_protocol, "1.1.0", [repo: "hexpm", hex: :kafka_protocol, optional: false]}, {:supervisor3, "1.1.5", [repo: "hexpm", hex: :supervisor3, optional: false]}], "hexpm"},
  "earmark": {:hex, :earmark, "1.3.2", "b840562ea3d67795ffbb5bd88940b1bed0ed9fa32834915125ea7d02e35888a5", [:mix], [], "hexpm"},
  "ex_doc": {:hex, :ex_doc, "0.20.2", "1bd0dfb0304bade58beb77f20f21ee3558cc3c753743ae0ddbb0fd7ba2912331", [:mix], [{:earmark, "~> 1.3", [hex: :earmark, repo: "hexpm", optional: false]}, {:makeup_elixir, "~> 0.10", [hex: :makeup_elixir, repo: "hexpm", optional: false]}], "hexpm"},
  "kafka_protocol": {:hex, :kafka_protocol, "1.1.0", "817c07a6339cbfb32d1f20a588353bf8d9a8944df296eb2e930360b83760c171", [:rebar, :rebar3], [{:snappyer, "1.2.1", [repo: "hexpm", hex: :snappyer, optional: false]}], "hexpm"},
  "makeup": {:hex, :makeup, "0.8.0", "9cf32aea71c7fe0a4b2e9246c2c4978f9070257e5c9ce6d4a28ec450a839b55f", [:mix], [{:nimble_parsec, "~> 0.5.0", [hex: :nimble_parsec, repo: "hexpm", optional: false]}], "hexpm"},
  "makeup_elixir": {:hex, :makeup_elixir, "0.13.0", "be7a477997dcac2e48a9d695ec730b2d22418292675c75aa2d34ba0909dcdeda", [:mix], [{:makeup, "~> 0.8", [hex: :makeup, repo: "hexpm", optional: false]}], "hexpm"},
  "nimble_parsec": {:hex, :nimble_parsec, "0.5.0", "90e2eca3d0266e5c53f8fbe0079694740b9c91b6747f2b7e3c5d21966bba8300", [:mix], [], "hexpm"},
  "snappyer": {:hex, :snappyer, "1.2.1", "06c5f5c8afe80ba38e94e1ca1bd9253de95d8f2c85b08783e8d0f63815580556", [:make, :rebar, :rebar3], [], "hexpm"},
  "supervisor3": {:hex, :supervisor3, "1.1.5", "5f3c487a6eba23de0e64c06e93efa0eca06f40324a6412c1318c77aca6da8424", [:make, :rebar, :rebar3], []},
}
